
Microsoft Visual Studio Solution File, Format Version 12.00
# Visual Studio Version 17
VisualStudioVersion = 17.9.34407.89
MinimumVisualStudioVersion = 10.0.40219.1
Project("{9A19103F-16F7-4668-BE54-9A1E7A4F7556}") = "ElasticsearchLogTest", "ElasticsearchLogTest\ElasticsearchLogTest.csproj", "{0066F786-6296-4CE2-8C31-8F60D4B9558B}"
EndProject
Global
	GlobalSection(SolutionConfigurationPlatforms) = preSolution
		Debug|Any CPU = Debug|Any CPU
		Release|Any CPU = Release|Any CPU
	EndGlobalSection
	GlobalSection(ProjectConfigurationPlatforms) = postSolution
		{0066F786-6296-4CE2-8C31-8F60D4B9558B}.Debug|Any CPU.ActiveCfg = Debug|Any CPU
		{0066F786-6296-4CE2-8C31-8F60D4B9558B}.Debug|Any CPU.Build.0 = Debug|Any CPU
		{0066F786-6296-4CE2-8C31-8F60D4B9558B}.Release|Any CPU.ActiveCfg = Release|Any CPU
		{0066F786-6296-4CE2-8C31-8F60D4B9558B}.Release|Any CPU.Build.0 = Release|Any CPU
	EndGlobalSection
	GlobalSection(SolutionProperties) = preSolution
		HideSolutionNode = FALSE
	EndGlobalSection
	GlobalSection(ExtensibilityGlobals) = postSolution
		SolutionGuid = {90097884-80A2-4BB9-A78A-1E3C072994AD}
	EndGlobalSection
EndGlobal
